
Microsoft Visual Studio Solution File, Format Version 12.00
# Visual Studio Version 17
VisualStudioVersion = 17.8.34511.84
MinimumVisualStudioVersion = 10.0.40219.1
Project("{FAE04EC0-301F-11D3-BF4B-00C04F79EFBC}") = "task7-washing-machine", "task7-washing-machine.csproj", "{65342AAD-BA24-46EE-94C0-D4F92FBA7522}"
EndProject
Global
	GlobalSection(SolutionConfigurationPlatforms) = preSolution
		Debug|Any CPU = Debug|Any CPU
		Release|Any CPU = Release|Any CPU
	EndGlobalSection
	GlobalSection(ProjectConfigurationPlatforms) = postSolution
		{65342AAD-BA24-46EE-94C0-D4F92FBA7522}.Debug|Any CPU.ActiveCfg = Debug|Any CPU
		{65342AAD-BA24-46EE-94C0-D4F92FBA7522}.Debug|Any CPU.Build.0 = Debug|Any CPU
		{65342AAD-BA24-46EE-94C0-D4F92FBA7522}.Release|Any CPU.ActiveCfg = Release|Any CPU
		{65342AAD-BA24-46EE-94C0-D4F92FBA7522}.Release|Any CPU.Build.0 = Release|Any CPU
	EndGlobalSection
	GlobalSection(SolutionProperties) = preSolution
		HideSolutionNode = FALSE
	EndGlobalSection
	GlobalSection(ExtensibilityGlobals) = postSolution
		SolutionGuid = {18011E00-1125-44F4-B389-49F495173CAE}
	EndGlobalSection
EndGlobal
