
Microsoft Visual Studio Solution File, Format Version 12.00
# Visual Studio Version 17
VisualStudioVersion = 17.9.34607.119
MinimumVisualStudioVersion = 10.0.40219.1
Project("{FAE04EC0-301F-11D3-BF4B-00C04F79EFBC}") = "task25-movie-stars", "task25-movie-stars.csproj", "{FED05E51-CC46-4221-847F-D1508529BB3E}"
EndProject
Global
	GlobalSection(SolutionConfigurationPlatforms) = preSolution
		Debug|Any CPU = Debug|Any CPU
		Release|Any CPU = Release|Any CPU
	EndGlobalSection
	GlobalSection(ProjectConfigurationPlatforms) = postSolution
		{FED05E51-CC46-4221-847F-D1508529BB3E}.Debug|Any CPU.ActiveCfg = Debug|Any CPU
		{FED05E51-CC46-4221-847F-D1508529BB3E}.Debug|Any CPU.Build.0 = Debug|Any CPU
		{FED05E51-CC46-4221-847F-D1508529BB3E}.Release|Any CPU.ActiveCfg = Release|Any CPU
		{FED05E51-CC46-4221-847F-D1508529BB3E}.Release|Any CPU.Build.0 = Release|Any CPU
	EndGlobalSection
	GlobalSection(SolutionProperties) = preSolution
		HideSolutionNode = FALSE
	EndGlobalSection
	GlobalSection(ExtensibilityGlobals) = postSolution
		SolutionGuid = {5A4A2590-A12D-4769-9AA9-108F2A87DB35}
	EndGlobalSection
EndGlobal
