
Microsoft Visual Studio Solution File, Format Version 12.00
# Visual Studio Version 17
VisualStudioVersion = 17.9.34607.119
MinimumVisualStudioVersion = 10.0.40219.1
Project("{FAE04EC0-301F-11D3-BF4B-00C04F79EFBC}") = "task29-cashier", "task29-cashier.csproj", "{D42D2B27-1EAD-4B67-9307-0E761239AD58}"
EndProject
Global
	GlobalSection(SolutionConfigurationPlatforms) = preSolution
		Debug|Any CPU = Debug|Any CPU
		Release|Any CPU = Release|Any CPU
	EndGlobalSection
	GlobalSection(ProjectConfigurationPlatforms) = postSolution
		{D42D2B27-1EAD-4B67-9307-0E761239AD58}.Debug|Any CPU.ActiveCfg = Debug|Any CPU
		{D42D2B27-1EAD-4B67-9307-0E761239AD58}.Debug|Any CPU.Build.0 = Debug|Any CPU
		{D42D2B27-1EAD-4B67-9307-0E761239AD58}.Release|Any CPU.ActiveCfg = Release|Any CPU
		{D42D2B27-1EAD-4B67-9307-0E761239AD58}.Release|Any CPU.Build.0 = Release|Any CPU
	EndGlobalSection
	GlobalSection(SolutionProperties) = preSolution
		HideSolutionNode = FALSE
	EndGlobalSection
	GlobalSection(ExtensibilityGlobals) = postSolution
		SolutionGuid = {7E44FAAE-2797-44E7-9793-C34C66C50573}
	EndGlobalSection
EndGlobal
