
Microsoft Visual Studio Solution File, Format Version 12.00
# Visual Studio Version 17
VisualStudioVersion = 17.9.34728.123
MinimumVisualStudioVersion = 10.0.40219.1
Project("{F2A71F9B-5D33-465A-A702-920D77279786}") = "TodoListApp", "TodoListApp.fsproj", "{F30BF99B-EEA7-4632-9D57-0C7A9A3D95CE}"
EndProject
Global
	GlobalSection(SolutionConfigurationPlatforms) = preSolution
		Debug|Any CPU = Debug|Any CPU
		Release|Any CPU = Release|Any CPU
	EndGlobalSection
	GlobalSection(ProjectConfigurationPlatforms) = postSolution
		{F30BF99B-EEA7-4632-9D57-0C7A9A3D95CE}.Debug|Any CPU.ActiveCfg = Debug|Any CPU
		{F30BF99B-EEA7-4632-9D57-0C7A9A3D95CE}.Debug|Any CPU.Build.0 = Debug|Any CPU
		{F30BF99B-EEA7-4632-9D57-0C7A9A3D95CE}.Release|Any CPU.ActiveCfg = Release|Any CPU
		{F30BF99B-EEA7-4632-9D57-0C7A9A3D95CE}.Release|Any CPU.Build.0 = Release|Any CPU
	EndGlobalSection
	GlobalSection(SolutionProperties) = preSolution
		HideSolutionNode = FALSE
	EndGlobalSection
	GlobalSection(ExtensibilityGlobals) = postSolution
		SolutionGuid = {DD151C67-7FFA-4B50-9475-2D4FF8225D5B}
	EndGlobalSection
EndGlobal
