
Microsoft Visual Studio Solution File, Format Version 12.00
# Visual Studio Version 17
VisualStudioVersion = 17.9.34607.119
MinimumVisualStudioVersion = 10.0.40219.1
Project("{FAE04EC0-301F-11D3-BF4B-00C04F79EFBC}") = "task12-ralley-car", "task12-ralley-car.csproj", "{103CE93C-5B88-46F0-8848-6FE74F829CE2}"
EndProject
Global
	GlobalSection(SolutionConfigurationPlatforms) = preSolution
		Debug|Any CPU = Debug|Any CPU
		Release|Any CPU = Release|Any CPU
	EndGlobalSection
	GlobalSection(ProjectConfigurationPlatforms) = postSolution
		{103CE93C-5B88-46F0-8848-6FE74F829CE2}.Debug|Any CPU.ActiveCfg = Debug|Any CPU
		{103CE93C-5B88-46F0-8848-6FE74F829CE2}.Debug|Any CPU.Build.0 = Debug|Any CPU
		{103CE93C-5B88-46F0-8848-6FE74F829CE2}.Release|Any CPU.ActiveCfg = Release|Any CPU
		{103CE93C-5B88-46F0-8848-6FE74F829CE2}.Release|Any CPU.Build.0 = Release|Any CPU
	EndGlobalSection
	GlobalSection(SolutionProperties) = preSolution
		HideSolutionNode = FALSE
	EndGlobalSection
	GlobalSection(ExtensibilityGlobals) = postSolution
		SolutionGuid = {6B997249-5FCC-47A6-8DA2-B267BBC076EB}
	EndGlobalSection
EndGlobal
